
Microsoft Visual Studio Solution File, Format Version 12.00
# Visual Studio Version 17
VisualStudioVersion = 17.12.35527.113 d17.12
MinimumVisualStudioVersion = 10.0.40219.1
Project("{FAE04EC0-301F-11D3-BF4B-00C04F79EFBC}") = "AvaloniaApplication1", "AvaloniaApplication1\AvaloniaApplication1.csproj", "{CE165CA9-F1C5-439B-8E36-E8B128E8437D}"
EndProject
Global
	GlobalSection(SolutionConfigurationPlatforms) = preSolution
		Debug|Any CPU = Debug|Any CPU
		Release|Any CPU = Release|Any CPU
	EndGlobalSection
	GlobalSection(ProjectConfigurationPlatforms) = postSolution
		{CE165CA9-F1C5-439B-8E36-E8B128E8437D}.Debug|Any CPU.ActiveCfg = Debug|Any CPU
		{CE165CA9-F1C5-439B-8E36-E8B128E8437D}.Debug|Any CPU.Build.0 = Debug|Any CPU
		{CE165CA9-F1C5-439B-8E36-E8B128E8437D}.Release|Any CPU.ActiveCfg = Release|Any CPU
		{CE165CA9-F1C5-439B-8E36-E8B128E8437D}.Release|Any CPU.Build.0 = Release|Any CPU
	EndGlobalSection
	GlobalSection(SolutionProperties) = preSolution
		HideSolutionNode = FALSE
	EndGlobalSection
EndGlobal
